// !$*UTF8*$!
{
	archiveVersion = 1;
	classes = {
	};
	objectVersion = 50;
	objects = {

/* Begin PBXBuildFile section */
		1975CE0323D3CD1A00D00A55 /* AppDelegate.swift in Sources */ = {isa = PBXBuildFile; fileRef = 1975CE0223D3CD1A00D00A55 /* AppDelegate.swift */; };
		1975CE0523D3CD1A00D00A55 /* SceneDelegate.swift in Sources */ = {isa = PBXBuildFile; fileRef = 1975CE0423D3CD1A00D00A55 /* SceneDelegate.swift */; };
		1975CE0723D3CD1A00D00A55 /* ViewController.swift in Sources */ = {isa = PBXBuildFile; fileRef = 1975CE0623D3CD1A00D00A55 /* ViewController.swift */; };
		1975CE0A23D3CD1A00D00A55 /* Main.storyboard in Resources */ = {isa = PBXBuildFile; fileRef = 1975CE0823D3CD1A00D00A55 /* Main.storyboard */; };
		1975CE0C23D3CD1D00D00A55 /* Assets.xcassets in Resources */ = {isa = PBXBuildFile; fileRef = 1975CE0B23D3CD1D00D00A55 /* Assets.xcassets */; };
		1975CE0F23D3CD1D00D00A55 /* LaunchScreen.storyboard in Resources */ = {isa = PBXBuildFile; fileRef = 1975CE0D23D3CD1D00D00A55 /* LaunchScreen.storyboard */; };
/* End PBXBuildFile section */

/* Begin PBXFileReference section */
		1975CDFF23D3CD1A00D00A55 /* mvc-n.app */ = {isa = PBXFileReference; explicitFileType = wrapper.application; includeInIndex = 0; path = "mvc-n.app"; sourceTree = BUILT_PRODUCTS_DIR; };
		1975CE0223D3CD1A00D00A55 /* AppDelegate.swift */ = {isa = PBXFileReference; lastKnownFileType = sourcecode.swift; path = AppDelegate.swift; sourceTree = "<group>"; };
		1975CE0423D3CD1A00D00A55 /* SceneDelegate.swift */ = {isa = PBXFileReference; lastKnownFileType = sourcecode.swift; path = SceneDelegate.swift; sourceTree = "<group>"; };
		1975CE0623D3CD1A00D00A55 /* ViewController.swift */ = {isa = PBXFileReference; lastKnownFileType = sourcecode.swift; path = ViewController.swift; sourceTree = "<group>"; };
		1975CE0923D3CD1A00D00A55 /* Base */ = {isa = PBXFileReference; lastKnownFileType = file.storyboard; name = Base; path = Base.lproj/Main.storyboard; sourceTree = "<group>"; };
		1975CE0B23D3CD1D00D00A55 /* Assets.xcassets */ = {isa = PBXFileReference; lastKnownFileType = folder.assetcatalog; path = Assets.xcassets; sourceTree = "<group>"; };
		1975CE0E23D3CD1D00D00A55 /* Base */ = {isa = PBXFileReference; lastKnownFileType = file.storyboard; name = Base; path = Base.lproj/LaunchScreen.storyboard; sourceTree = "<group>"; };
		1975CE1023D3CD1D00D00A55 /* Info.plist */ = {isa = PBXFileReference; lastKnownFileType = text.plist.xml; path = Info.plist; sourceTree = "<group>"; };
/* End PBXFileReference section */

/* Begin PBXFrameworksBuildPhase section */
		1975CDFC23D3CD1A00D00A55 /* Frameworks */ = {
			isa = PBXFrameworksBuildPhase;
			buildActionMask = 2147483647;
			files = (
			);
			runOnlyForDeploymentPostprocessing = 0;
		};
/* End PBXFrameworksBuildPhase section */

/* Begin PBXGroup section */
		1975CDF623D3CD1A00D00A55 = {
			isa = PBXGroup;
			children = (
				1975CE0123D3CD1A00D00A55 /* mvc-n */,
				1975CE0023D3CD1A00D00A55 /* Products */,
			);
			sourceTree = "<group>";
		};
		1975CE0023D3CD1A00D00A55 /* Products */ = {
			isa = PBXGroup;
			children = (
				1975CDFF23D3CD1A00D00A55 /* mvc-n.app */,
			);
			name = Products;
			sourceTree = "<group>";
		};
		1975CE0123D3CD1A00D00A55 /* mvc-n */ = {
			isa = PBXGroup;
			children = (
				1975CE0223D3CD1A00D00A55 /* AppDelegate.swift */,
				1975CE0423D3CD1A00D00A55 /* SceneDelegate.swift */,
				1975CE0623D3CD1A00D00A55 /* ViewController.swift */,
				1975CE0823D3CD1A00D00A55 /* Main.storyboard */,
				1975CE0B23D3CD1D00D00A55 /* Assets.xcassets */,
				1975CE0D23D3CD1D00D00A55 /* LaunchScreen.storyboard */,
				1975CE1023D3CD1D00D00A55 /* Info.plist */,
			);
			path = "mvc-n";
			sourceTree = "<group>";
		};
/* End PBXGroup section */

/* Begin PBXNativeTarget section */
		1975CDFE23D3CD1A00D00A55 /* mvc-n */ = {
			isa = PBXNativeTarget;
			buildConfigurationList = 1975CE1323D3CD1D00D00A55 /* Build configuration list for PBXNativeTarget "mvc-n" */;
			buildPhases = (
				1975CDFB23D3CD1A00D00A55 /* Sources */,
				1975CDFC23D3CD1A00D00A55 /* Frameworks */,
				1975CDFD23D3CD1A00D00A55 /* Resources */,
			);
			buildRules = (
			);
			dependencies = (
			);
			name = "mvc-n";
			productName = "mvc-n";
			productReference = 1975CDFF23D3CD1A00D00A55 /* mvc-n.app */;
			productType = "com.apple.product-type.application";
		};
/* End PBXNativeTarget section */

/* Begin PBXProject section */
		1975CDF723D3CD1A00D00A55 /* Project object */ = {
			isa = PBXProject;
			attributes = {
				LastSwiftUpdateCheck = 1130;
				LastUpgradeCheck = 1130;
				ORGANIZATIONNAME = "Damir Lutfullin";
				TargetAttributes = {
					1975CDFE23D3CD1A00D00A55 = {
						CreatedOnToolsVersion = 11.3.1;
					};
				};
			};
			buildConfigurationList = 1975CDFA23D3CD1A00D00A55 /* Build configuration list for PBXProject "mvc-n" */;
			compatibilityVersion = "Xcode 9.3";
			developmentRegion = en;
			hasScannedForEncodings = 0;
			knownRegions = (
				en,
				Base,
			);
			mainGroup = 1975CDF623D3CD1A00D00A55;
			productRefGroup = 1975CE0023D3CD1A00D00A55 /* Products */;
			projectDirPath = "";
			projectRoot = "";
			targets = (
				1975CDFE23D3CD1A00D00A55 /* mvc-n */,
			);
		};
/* End PBXProject section */

/* Begin PBXResourcesBuildPhase section */
		1975CDFD23D3CD1A00D00A55 /* Resources */ = {
			isa = PBXResourcesBuildPhase;
			buildActionMask = 2147483647;
			files = (
				1975CE0F23D3CD1D00D00A55 /* LaunchScreen.storyboard in Resources */,
				1975CE0C23D3CD1D00D00A55 /* Assets.xcassets in Resources */,
				1975CE0A23D3CD1A00D00A55 /* Main.storyboard in Resources */,
			);
			runOnlyForDeploymentPostprocessing = 0;
		};
/* End PBXResourcesBuildPhase section */

/* Begin PBXSourcesBuildPhase section */
		1975CDFB23D3CD1A00D00A55 /* Sources */ = {
			isa = PBXSourcesBuildPhase;
			buildActionMask = 2147483647;
			files = (
				1975CE0723D3CD1A00D00A55 /* ViewController.swift in Sources */,
				1975CE0323D3CD1A00D00A55 /* AppDelegate.swift in Sources */,
				1975CE0523D3CD1A00D00A55 /* SceneDelegate.swift in Sources */,
			);
			runOnlyForDeploymentPostprocessing = 0;
		};
/* End PBXSourcesBuildPhase section */

/* Begin PBXVariantGroup section */
		1975CE0823D3CD1A00D00A55 /* Main.storyboard */ = {
			isa = PBXVariantGroup;
			children = (
				1975CE0923D3CD1A00D00A55 /* Base */,
			);
			name = Main.storyboard;
			sourceTree = "<group>";
		};
		1975CE0D23D3CD1D00D00A55 /* LaunchScreen.storyboard */ = {
			isa = PBXVariantGroup;
			children = (
				1975CE0E23D3CD1D00D00A55 /* Base */,
			);
			name = LaunchScreen.storyboard;
			sourceTree = "<group>";
		};
/* End PBXVariantGroup section */

/* Begin XCBuildConfiguration section */
		1975CE1123D3CD1D00D00A55 /* Debug */ = {
			isa = XCBuildConfiguration;
			buildSettings = {
				ALWAYS_SEARCH_USER_PATHS = NO;
				CLANG_ANALYZER_NONNULL = YES;
				CLANG_ANALYZER_NUMBER_OBJECT_CONVERSION = YES_AGGRESSIVE;
				CLANG_CXX_LANGUAGE_STANDARD = "gnu++14";
				CLANG_CXX_LIBRARY = "libc++";
				CLANG_ENABLE_MODULES = YES;
				CLANG_ENABLE_OBJC_ARC = YES;
				CLANG_ENABLE_OBJC_WEAK = YES;
				CLANG_WARN_BLOCK_CAPTURE_AUTORELEASING = YES;
				CLANG_WARN_BOOL_CONVERSION = YES;
				CLANG_WARN_COMMA = YES;
				CLANG_WARN_CONSTANT_CONVERSION = YES;
				CLANG_WARN_DEPRECATED_OBJC_IMPLEMENTATIONS = YES;
				CLANG_WARN_DIRECT_OBJC_ISA_USAGE = YES_ERROR;
				CLANG_WARN_DOCUMENTATION_COMMENTS = YES;
				CLANG_WARN_EMPTY_BODY = YES;
				CLANG_WARN_ENUM_CONVERSION = YES;
				CLANG_WARN_INFINITE_RECURSION = YES;
				CLANG_WARN_INT_CONVERSION = YES;
				CLANG_WARN_NON_LITERAL_NULL_CONVERSION = YES;
				CLANG_WARN_OBJC_IMPLICIT_RETAIN_SELF = YES;
				CLANG_WARN_OBJC_LITERAL_CONVERSION = YES;
				CLANG_WARN_OBJC_ROOT_CLASS = YES_ERROR;
				CLANG_WARN_RANGE_LOOP_ANALYSIS = YES;
				CLANG_WARN_STRICT_PROTOTYPES = YES;
				CLANG_WARN_SUSPICIOUS_MOVE = YES;
				CLANG_WARN_UNGUARDED_AVAILABILITY = YES_AGGRESSIVE;
				CLANG_WARN_UNREACHABLE_CODE = YES;
				CLANG_WARN__DUPLICATE_METHOD_MATCH = YES;
				COPY_PHASE_STRIP = NO;
				DEBUG_INFORMATION_FORMAT = dwarf;
				ENABLE_STRICT_OBJC_MSGSEND = YES;
				ENABLE_TESTABILITY = YES;
				GCC_C_LANGUAGE_STANDARD = gnu11;
				GCC_DYNAMIC_NO_PIC = NO;
				GCC_NO_COMMON_BLOCKS = YES;
				GCC_OPTIMIZATION_LEVEL = 0;
				GCC_PREPROCESSOR_DEFINITIONS = (
					"DEBUG=1",
					"$(inherited)",
				);
				GCC_WARN_64_TO_32_BIT_CONVERSION = YES;
				GCC_WARN_ABOUT_RETURN_TYPE = YES_ERROR;
				GCC_WARN_UNDECLARED_SELECTOR = YES;
				GCC_WARN_UNINITIALIZED_AUTOS = YES_AGGRESSIVE;
				GCC_WARN_UNUSED_FUNCTION = YES;
				GCC_WARN_UNUSED_VARIABLE = YES;
				IPHONEOS_DEPLOYMENT_TARGET = 13.2;
				MTL_ENABLE_DEBUG_INFO = INCLUDE_SOURCE;
				MTL_FAST_MATH = YES;
				ONLY_ACTIVE_ARCH = YES;
				SDKROOT = iphoneos;
				SWIFT_ACTIVE_COMPILATION_CONDITIONS = DEBUG;
				SWIFT_OPTIMIZATION_LEVEL = "-Onone";
			};
			name = Debug;
		};
		1975CE1223D3CD1D00D00A55 /* Release */ = {
			isa = XCBuildConfiguration;
			buildSettings = {
				ALWAYS_SEARCH_USER_PATHS = NO;
				CLANG_ANALYZER_NONNULL = YES;
				CLANG_ANALYZER_NUMBER_OBJECT_CONVERSION = YES_AGGRESSIVE;
				CLANG_CXX_LANGUAGE_STANDARD = "gnu++14";
				CLANG_CXX_LIBRARY = "libc++";
				CLANG_ENABLE_MODULES = YES;
				CLANG_ENABLE_OBJC_ARC = YES;
				CLANG_ENABLE_OBJC_WEAK = YES;
				CLANG_WARN_BLOCK_CAPTURE_AUTORELEASING = YES;
				CLANG_WARN_BOOL_CONVERSION = YES;
				CLANG_WARN_COMMA = YES;
				CLANG_WARN_CONSTANT_CONVERSION = YES;
				CLANG_WARN_DEPRECATED_OBJC_IMPLEMENTATIONS = YES;
				CLANG_WARN_DIRECT_OBJC_ISA_USAGE = YES_ERROR;
				CLANG_WARN_DOCUMENTATION_COMMENTS = YES;
				CLANG_WARN_EMPTY_BODY = YES;
				CLANG_WARN_ENUM_CONVERSION = YES;
				CLANG_WARN_INFINITE_RECURSION = YES;
				CLANG_WARN_INT_CONVERSION = YES;
				CLANG_WARN_NON_LITERAL_NULL_CONVERSION = YES;
				CLANG_WARN_OBJC_IMPLICIT_RETAIN_SELF = YES;
				CLANG_WARN_OBJC_LITERAL_CONVERSION = YES;
				CLANG_WARN_OBJC_ROOT_CLASS = YES_ERROR;
				CLANG_WARN_RANGE_LOOP_ANALYSIS = YES;
				CLANG_WARN_STRICT_PROTOTYPES = YES;
				CLANG_WARN_SUSPICIOUS_MOVE = YES;
				CLANG_WARN_UNGUARDED_AVAILABILITY = YES_AGGRESSIVE;
				CLANG_WARN_UNREACHABLE_CODE = YES;
				CLANG_WARN__DUPLICATE_METHOD_MATCH = YES;
				COPY_PHASE_STRIP = NO;
				DEBUG_INFORMATION_FORMAT = "dwarf-with-dsym";
				ENABLE_NS_ASSERTIONS = NO;
				ENABLE_STRICT_OBJC_MSGSEND = YES;
				GCC_C_LANGUAGE_STANDARD = gnu11;
				GCC_NO_COMMON_BLOCKS = YES;
				GCC_WARN_64_TO_32_BIT_CONVERSION = YES;
				GCC_WARN_ABOUT_RETURN_TYPE = YES_ERROR;
				GCC_WARN_UNDECLARED_SELECTOR = YES;
				GCC_WARN_UNINITIALIZED_AUTOS = YES_AGGRESSIVE;
				GCC_WARN_UNUSED_FUNCTION = YES;
				GCC_WARN_UNUSED_VARIABLE = YES;
				IPHONEOS_DEPLOYMENT_TARGET = 13.2;
				MTL_ENABLE_DEBUG_INFO = NO;
				MTL_FAST_MATH = YES;
				SDKROOT = iphoneos;
				SWIFT_COMPILATION_MODE = wholemodule;
				SWIFT_OPTIMIZATION_LEVEL = "-O";
				VALIDATE_PRODUCT = YES;
			};
			name = Release;
		};
		1975CE1423D3CD1D00D00A55 /* Debug */ = {
			isa = XCBuildConfiguration;
			buildSettings = {
				ASSETCATALOG_COMPILER_APPICON_NAME = AppIcon;
				CODE_SIGN_STYLE = Automatic;
				DEVELOPMENT_TEAM = TQU76263MV;
				INFOPLIST_FILE = "mvc-n/Info.plist";
				LD_RUNPATH_SEARCH_PATHS = (
					"$(inherited)",
					"@executable_path/Frameworks",
				);
				PRODUCT_BUNDLE_IDENTIFIER = "DamirLutfullin.mvc-n";
				PRODUCT_NAME = "$(TARGET_NAME)";
				SWIFT_VERSION = 5.0;
				TARGETED_DEVICE_FAMILY = "1,2";
			};
			name = Debug;
		};
		1975CE1523D3CD1D00D00A55 /* Release */ = {
			isa = XCBuildConfiguration;
			buildSettings = {
				ASSETCATALOG_COMPILER_APPICON_NAME = AppIcon;
				CODE_SIGN_STYLE = Automatic;
				DEVELOPMENT_TEAM = TQU76263MV;
				INFOPLIST_FILE = "mvc-n/Info.plist";
				LD_RUNPATH_SEARCH_PATHS = (
					"$(inherited)",
					"@executable_path/Frameworks",
				);
				PRODUCT_BUNDLE_IDENTIFIER = "DamirLutfullin.mvc-n";
				PRODUCT_NAME = "$(TARGET_NAME)";
				SWIFT_VERSION = 5.0;
				TARGETED_DEVICE_FAMILY = "1,2";
			};
			name = Release;
		};
/* End XCBuildConfiguration section */

/* Begin XCConfigurationList section */
		1975CDFA23D3CD1A00D00A55 /* Build configuration list for PBXProject "mvc-n" */ = {
			isa = XCConfigurationList;
			buildConfigurations = (
				1975CE1123D3CD1D00D00A55 /* Debug */,
				1975CE1223D3CD1D00D00A55 /* Release */,
			);
			defaultConfigurationIsVisible = 0;
			defaultConfigurationName = Release;
		};
		1975CE1323D3CD1D00D00A55 /* Build configuration list for PBXNativeTarget "mvc-n" */ = {
			isa = XCConfigurationList;
			buildConfigurations = (
				1975CE1423D3CD1D00D00A55 /* Debug */,
				1975CE1523D3CD1D00D00A55 /* Release */,
			);
			defaultConfigurationIsVisible = 0;
			defaultConfigurationName = Release;
		};
/* End XCConfigurationList section */
	};
	rootObject = 1975CDF723D3CD1A00D00A55 /* Project object */;
}
